<?xml version="1.0" encoding="utf-8"?>
<Project ToolsVersion="4.0" xmlns="http://schemas.microsoft.com/developer/msbuild/2003">
  <ItemGroup>
    <Filter Include="소스 파일">
      <UniqueIdentifier>{4FC737F1-C7A5-4376-A066-2A32D752A2FF}</UniqueIdentifier>
      <Extensions>cpp;c;cc;cxx;c++;cppm;ixx;def;odl;idl;hpj;bat;asm;asmx</Extensions>
    </Filter>
    <Filter Include="헤더 파일">
      <UniqueIdentifier>{93995380-89BD-4b04-88EB-625FBE52EBFB}</UniqueIdentifier>
      <Extensions>h;hh;hpp;hxx;h++;hm;inl;inc;ipp;xsd</Extensions>
    </Filter>
    <Filter Include="리소스 파일">
      <UniqueIdentifier>{67DA6AB6-F800-4c08-8B7A-83BB121AAD01}</UniqueIdentifier>
      <Extensions>rc;ico;cur;bmp;dlg;rc2;rct;bin;rgs;gif;jpg;jpeg;jpe;resx;tiff;tif;png;wav;mfcribbon-ms</Extensions>
    </Filter>
  </ItemGroup>
  <ItemGroup>
    <ClCompile Include="10773_제로.cpp">
      <Filter>소스 파일</Filter>
    </ClCompile>
    <ClCompile Include="13417_카드 문자열.cpp">
      <Filter>소스 파일</Filter>
    </ClCompile>
    <ClCompile Include="1158_요세푸스.cpp">
      <Filter>소스 파일</Filter>
    </ClCompile>
    <ClCompile Include="9934_완전이진트리%28수영%29.cpp">
      <Filter>소스 파일</Filter>
    </ClCompile>
    <ClCompile Include="9934_완전이진트리.cpp">
      <Filter>소스 파일</Filter>
    </ClCompile>
    <ClCompile Include="14725 개미굴.cpp">
      <Filter>소스 파일</Filter>
    </ClCompile>
    <ClCompile Include="11279 최대힙.cpp">
      <Filter>소스 파일</Filter>
    </ClCompile>
    <ClCompile Include="1927 최소힙.cpp">
      <Filter>소스 파일</Filter>
    </ClCompile>
    <ClCompile Include="11279 최대힙(구현).cpp">
      <Filter>소스 파일</Filter>
    </ClCompile>
    <ClCompile Include="20058 마법사 상어와 파이어스톰%28수영%29.cpp">
      <Filter>소스 파일</Filter>
    </ClCompile>
    <ClCompile Include="Test.cpp">
      <Filter>소스 파일</Filter>
    </ClCompile>
    <ClCompile Include="7785 회사에 있는 사람.cpp">
      <Filter>소스 파일</Filter>
    </ClCompile>
    <ClCompile Include="9375 패션왕 신해빈.cpp">
      <Filter>소스 파일</Filter>
    </ClCompile>
    <ClCompile Include="10718 We love kriii.cpp">
      <Filter>소스 파일</Filter>
    </ClCompile>
    <ClCompile Include="10171 고양이.cpp">
      <Filter>소스 파일</Filter>
    </ClCompile>
    <ClCompile Include="1017 개.cpp">
      <Filter>소스 파일</Filter>
    </ClCompile>
    <ClCompile Include="1001 A-B.cpp">
      <Filter>소스 파일</Filter>
    </ClCompile>
    <ClCompile Include="10998 AxB.cpp">
      <Filter>소스 파일</Filter>
    </ClCompile>
    <ClCompile Include="1008 A나누기B.cpp">
      <Filter>소스 파일</Filter>
    </ClCompile>
    <ClCompile Include="10430 나머지.cpp">
      <Filter>소스 파일</Filter>
    </ClCompile>
    <ClCompile Include="2588 곱셈.cpp">
      <Filter>소스 파일</Filter>
    </ClCompile>
    <ClCompile Include="1330 두 수 비교하기.cpp">
      <Filter>소스 파일</Filter>
    </ClCompile>
    <ClCompile Include="9498 시험 성정.cpp">
      <Filter>소스 파일</Filter>
    </ClCompile>
    <ClCompile Include="2753 윤년.cpp">
      <Filter>소스 파일</Filter>
    </ClCompile>
    <ClCompile Include="14681 사분면 고르기.cpp">
      <Filter>소스 파일</Filter>
    </ClCompile>
    <ClCompile Include="2884 알람 시계.cpp">
      <Filter>소스 파일</Filter>
    </ClCompile>
  </ItemGroup>
</Project>